<?xml version="1.0" encoding="utf-8"?>
<Project ToolsVersion="4.0" xmlns="http://schemas.microsoft.com/developer/msbuild/2003">
  <ItemGroup>
    <Filter Include="Source Files">
      <UniqueIdentifier>{4FC737F1-C7A5-4376-A066-2A32D752A2FF}</UniqueIdentifier>
      <Extensions>cpp;c;cc;cxx;def;odl;idl;hpj;bat;asm;asmx</Extensions>
    </Filter>
    <Filter Include="Header Files">
      <UniqueIdentifier>{93995380-89BD-4b04-88EB-625FBE52EBFB}</UniqueIdentifier>
      <Extensions>h;hh;hpp;hxx;hm;inl;inc;xsd</Extensions>
    </Filter>
    <Filter Include="Resource Files">
      <UniqueIdentifier>{67DA6AB6-F800-4c08-8B7A-83BB121AAD01}</UniqueIdentifier>
      <Extensions>rc;ico;cur;bmp;dlg;rc2;rct;bin;rgs;gif;jpg;jpeg;jpe;resx;tiff;tif;png;wav;mfcribbon-ms</Extensions>
    </Filter>
    <Filter Include="Source Files\Transmitters">
      <UniqueIdentifier>{3492181d-6964-4a1a-8ca4-ce2d5ef1b89e}</UniqueIdentifier>
    </Filter>
    <Filter Include="Source Files\Channels">
      <UniqueIdentifier>{ff2e04cd-50d5-4384-804d-ff15f9eb43f2}</UniqueIdentifier>
    </Filter>
    <Filter Include="Source Files\Receivers">
      <UniqueIdentifier>{54a09a29-2596-466a-977f-f309383ed585}</UniqueIdentifier>
    </Filter>
    <Filter Include="Source Files\Factories">
      <UniqueIdentifier>{16e01797-1e77-444e-8098-83d35ec3be20}</UniqueIdentifier>
    </Filter>
    <Filter Include="Header Files\Channels">
      <UniqueIdentifier>{70c30e11-5837-4c98-b331-250c05c34251}</UniqueIdentifier>
    </Filter>
    <Filter Include="Header Files\Receivers">
      <UniqueIdentifier>{521afb33-d806-4297-af2c-340d5ca2de66}</UniqueIdentifier>
    </Filter>
    <Filter Include="Header Files\Factories">
      <UniqueIdentifier>{c42d0ef7-cb49-4b94-84a6-be769fa43d1e}</UniqueIdentifier>
    </Filter>
    <Filter Include="Header Files\Transmitters">
      <UniqueIdentifier>{200b1fa0-9b2a-44db-bfd8-d2ed24c0693c}</UniqueIdentifier>
    </Filter>
    <Filter Include="Source Files\Signals">
      <UniqueIdentifier>{636efef7-6e66-4e51-b1f3-11d67e67aa70}</UniqueIdentifier>
    </Filter>
    <Filter Include="Header Files\Signals">
      <UniqueIdentifier>{71709093-76ce-4347-aba2-dbeb5c0e5939}</UniqueIdentifier>
    </Filter>
  </ItemGroup>
  <ItemGroup>
    <Text Include="ReadMe.txt" />
  </ItemGroup>
  <ItemGroup>
    <ClInclude Include="stdafx.h">
      <Filter>Header Files</Filter>
    </ClInclude>
    <ClInclude Include="resource.h">
      <Filter>Header Files</Filter>
    </ClInclude>
    <ClInclude Include="ITransmitter.h">
      <Filter>Header Files</Filter>
    </ClInclude>
    <ClInclude Include="ISchemeBuilder.h">
      <Filter>Header Files</Filter>
    </ClInclude>
    <ClInclude Include="Scheme.h">
      <Filter>Header Files</Filter>
    </ClInclude>
    <ClInclude Include="SignalType.h">
      <Filter>Header Files</Filter>
    </ClInclude>
    <ClInclude Include="SimpleSchemeBuilder.h">
      <Filter>Header Files</Filter>
    </ClInclude>
    <ClInclude Include="DigitalReceiver.h">
      <Filter>Header Files\Receivers</Filter>
    </ClInclude>
    <ClInclude Include="AnalogReceiver.h">
      <Filter>Header Files\Receivers</Filter>
    </ClInclude>
    <ClInclude Include="AnalogChannel.h">
      <Filter>Header Files\Channels</Filter>
    </ClInclude>
    <ClInclude Include="DigitalChannel.h">
      <Filter>Header Files\Channels</Filter>
    </ClInclude>
    <ClInclude Include="Factory.h">
      <Filter>Header Files\Factories</Filter>
    </ClInclude>
    <ClInclude Include="AnalogAbstractFactory.h">
      <Filter>Header Files\Factories</Filter>
    </ClInclude>
    <ClInclude Include="DigitalAbstractFactory.h">
      <Filter>Header Files\Factories</Filter>
    </ClInclude>
    <ClInclude Include="AnalogTransmitter.h">
      <Filter>Header Files\Transmitters</Filter>
    </ClInclude>
    <ClInclude Include="DigitalTransmitter.h">
      <Filter>Header Files\Transmitters</Filter>
    </ClInclude>
    <ClInclude Include="IAbstractFactory.h">
      <Filter>Header Files\Factories</Filter>
    </ClInclude>
    <ClInclude Include="IChannel.h">
      <Filter>Header Files\Channels</Filter>
    </ClInclude>
    <ClInclude Include="IReceiver.h">
      <Filter>Header Files\Receivers</Filter>
    </ClInclude>
    <ClInclude Include="AnalogSignal.h">
      <Filter>Header Files\Signals</Filter>
    </ClInclude>
    <ClInclude Include="ISignal.h">
      <Filter>Header Files\Signals</Filter>
    </ClInclude>
    <ClInclude Include="DigitalSignal.h">
      <Filter>Header Files\Signals</Filter>
    </ClInclude>
  </ItemGroup>
  <ItemGroup>
    <ResourceCompile Include="app.rc">
      <Filter>Resource Files</Filter>
    </ResourceCompile>
  </ItemGroup>
  <ItemGroup>
    <ClCompile Include="CreationalPatterns.cpp">
      <Filter>Source Files</Filter>
    </ClCompile>
    <ClCompile Include="stdafx.cpp">
      <Filter>Source Files</Filter>
    </ClCompile>
    <ClCompile Include="SimpleSchemeBuilder.cpp">
      <Filter>Source Files</Filter>
    </ClCompile>
    <ClCompile Include="AnalogChannel.cpp">
      <Filter>Source Files\Channels</Filter>
    </ClCompile>
    <ClCompile Include="DigitalTransmitter.cpp">
      <Filter>Source Files\Transmitters</Filter>
    </ClCompile>
    <ClCompile Include="AnalogTransmitter.cpp">
      <Filter>Source Files\Transmitters</Filter>
    </ClCompile>
    <ClCompile Include="DigitalReceiver.cpp">
      <Filter>Source Files\Receivers</Filter>
    </ClCompile>
    <ClCompile Include="AnalogReceiver.cpp">
      <Filter>Source Files\Receivers</Filter>
    </ClCompile>
    <ClCompile Include="DigitalChannel.cpp">
      <Filter>Source Files\Channels</Filter>
    </ClCompile>
    <ClCompile Include="Factory.cpp">
      <Filter>Source Files\Factories</Filter>
    </ClCompile>
    <ClCompile Include="DigitalAbstractFactory.cpp">
      <Filter>Source Files\Factories</Filter>
    </ClCompile>
    <ClCompile Include="AnalogAbstractFactory.cpp">
      <Filter>Source Files\Factories</Filter>
    </ClCompile>
    <ClCompile Include="AnalogSignal.cpp">
      <Filter>Source Files\Signals</Filter>
    </ClCompile>
    <ClCompile Include="DigitalSignal.cpp">
      <Filter>Source Files\Signals</Filter>
    </ClCompile>
  </ItemGroup>
  <ItemGroup>
    <Image Include="app.ico">
      <Filter>Resource Files</Filter>
    </Image>
  </ItemGroup>
</Project>